// !$*UTF8*$!
{
	archiveVersion = 1;
	classes = {
	};
	objectVersion = 46;
	objects = {

/* Begin PBXBuildFile section */
		ED91D0041F50A19100984EBB /* AppDelegate.swift in Sources */ = {isa = PBXBuildFile; fileRef = ED91D0031F50A19100984EBB /* AppDelegate.swift */; };
		ED91D0061F50A19100984EBB /* ViewController.swift in Sources */ = {isa = PBXBuildFile; fileRef = ED91D0051F50A19100984EBB /* ViewController.swift */; };
		ED91D0091F50A19100984EBB /* Main.storyboard in Resources */ = {isa = PBXBuildFile; fileRef = ED91D0071F50A19100984EBB /* Main.storyboard */; };
		ED91D00B1F50A19100984EBB /* Assets.xcassets in Resources */ = {isa = PBXBuildFile; fileRef = ED91D00A1F50A19100984EBB /* Assets.xcassets */; };
		ED91D00E1F50A19100984EBB /* LaunchScreen.storyboard in Resources */ = {isa = PBXBuildFile; fileRef = ED91D00C1F50A19100984EBB /* LaunchScreen.storyboard */; };
		ED91D0191F50A19100984EBB /* Jester2_0Tests.swift in Sources */ = {isa = PBXBuildFile; fileRef = ED91D0181F50A19100984EBB /* Jester2_0Tests.swift */; };
		ED91D0241F50A19100984EBB /* Jester2_0UITests.swift in Sources */ = {isa = PBXBuildFile; fileRef = ED91D0231F50A19100984EBB /* Jester2_0UITests.swift */; };
/* End PBXBuildFile section */

/* Begin PBXContainerItemProxy section */
		ED91D0151F50A19100984EBB /* PBXContainerItemProxy */ = {
			isa = PBXContainerItemProxy;
			containerPortal = ED91CFF81F50A19100984EBB /* Project object */;
			proxyType = 1;
			remoteGlobalIDString = ED91CFFF1F50A19100984EBB;
			remoteInfo = Jester2.0;
		};
		ED91D0201F50A19100984EBB /* PBXContainerItemProxy */ = {
			isa = PBXContainerItemProxy;
			containerPortal = ED91CFF81F50A19100984EBB /* Project object */;
			proxyType = 1;
			remoteGlobalIDString = ED91CFFF1F50A19100984EBB;
			remoteInfo = Jester2.0;
		};
/* End PBXContainerItemProxy section */

/* Begin PBXFileReference section */
		ED91D0001F50A19100984EBB /* Jester2.0.app */ = {isa = PBXFileReference; explicitFileType = wrapper.application; includeInIndex = 0; path = Jester2.0.app; sourceTree = BUILT_PRODUCTS_DIR; };
		ED91D0031F50A19100984EBB /* AppDelegate.swift */ = {isa = PBXFileReference; lastKnownFileType = sourcecode.swift; path = AppDelegate.swift; sourceTree = "<group>"; };
		ED91D0051F50A19100984EBB /* ViewController.swift */ = {isa = PBXFileReference; lastKnownFileType = sourcecode.swift; path = ViewController.swift; sourceTree = "<group>"; };
		ED91D0081F50A19100984EBB /* Base */ = {isa = PBXFileReference; lastKnownFileType = file.storyboard; name = Base; path = Base.lproj/Main.storyboard; sourceTree = "<group>"; };
		ED91D00A1F50A19100984EBB /* Assets.xcassets */ = {isa = PBXFileReference; lastKnownFileType = folder.assetcatalog; path = Assets.xcassets; sourceTree = "<group>"; };
		ED91D00D1F50A19100984EBB /* Base */ = {isa = PBXFileReference; lastKnownFileType = file.storyboard; name = Base; path = Base.lproj/LaunchScreen.storyboard; sourceTree = "<group>"; };
		ED91D00F1F50A19100984EBB /* Info.plist */ = {isa = PBXFileReference; lastKnownFileType = text.plist.xml; path = Info.plist; sourceTree = "<group>"; };
		ED91D0141F50A19100984EBB /* Jester2.0Tests.xctest */ = {isa = PBXFileReference; explicitFileType = wrapper.cfbundle; includeInIndex = 0; path = Jester2.0Tests.xctest; sourceTree = BUILT_PRODUCTS_DIR; };
		ED91D0181F50A19100984EBB /* Jester2_0Tests.swift */ = {isa = PBXFileReference; lastKnownFileType = sourcecode.swift; path = Jester2_0Tests.swift; sourceTree = "<group>"; };
		ED91D01A1F50A19100984EBB /* Info.plist */ = {isa = PBXFileReference; lastKnownFileType = text.plist.xml; path = Info.plist; sourceTree = "<group>"; };
		ED91D01F1F50A19100984EBB /* Jester2.0UITests.xctest */ = {isa = PBXFileReference; explicitFileType = wrapper.cfbundle; includeInIndex = 0; path = Jester2.0UITests.xctest; sourceTree = BUILT_PRODUCTS_DIR; };
		ED91D0231F50A19100984EBB /* Jester2_0UITests.swift */ = {isa = PBXFileReference; lastKnownFileType = sourcecode.swift; path = Jester2_0UITests.swift; sourceTree = "<group>"; };
		ED91D0251F50A19100984EBB /* Info.plist */ = {isa = PBXFileReference; lastKnownFileType = text.plist.xml; path = Info.plist; sourceTree = "<group>"; };
/* End PBXFileReference section */

/* Begin PBXFrameworksBuildPhase section */
		ED91CFFD1F50A19100984EBB /* Frameworks */ = {
			isa = PBXFrameworksBuildPhase;
			buildActionMask = 2147483647;
			files = (
			);
			runOnlyForDeploymentPostprocessing = 0;
		};
		ED91D0111F50A19100984EBB /* Frameworks */ = {
			isa = PBXFrameworksBuildPhase;
			buildActionMask = 2147483647;
			files = (
			);
			runOnlyForDeploymentPostprocessing = 0;
		};
		ED91D01C1F50A19100984EBB /* Frameworks */ = {
			isa = PBXFrameworksBuildPhase;
			buildActionMask = 2147483647;
			files = (
			);
			runOnlyForDeploymentPostprocessing = 0;
		};
/* End PBXFrameworksBuildPhase section */

/* Begin PBXGroup section */
		ED91CFF71F50A19100984EBB = {
			isa = PBXGroup;
			children = (
				ED91D0021F50A19100984EBB /* Jester2.0 */,
				ED91D0171F50A19100984EBB /* Jester2.0Tests */,
				ED91D0221F50A19100984EBB /* Jester2.0UITests */,
				ED91D0011F50A19100984EBB /* Products */,
			);
			sourceTree = "<group>";
		};
		ED91D0011F50A19100984EBB /* Products */ = {
			isa = PBXGroup;
			children = (
				ED91D0001F50A19100984EBB /* Jester2.0.app */,
				ED91D0141F50A19100984EBB /* Jester2.0Tests.xctest */,
				ED91D01F1F50A19100984EBB /* Jester2.0UITests.xctest */,
			);
			name = Products;
			sourceTree = "<group>";
		};
		ED91D0021F50A19100984EBB /* Jester2.0 */ = {
			isa = PBXGroup;
			children = (
				ED91D0031F50A19100984EBB /* AppDelegate.swift */,
				ED91D0051F50A19100984EBB /* ViewController.swift */,
				ED91D0071F50A19100984EBB /* Main.storyboard */,
				ED91D00A1F50A19100984EBB /* Assets.xcassets */,
				ED91D00C1F50A19100984EBB /* LaunchScreen.storyboard */,
				ED91D00F1F50A19100984EBB /* Info.plist */,
			);
			path = Jester2.0;
			sourceTree = "<group>";
		};
		ED91D0171F50A19100984EBB /* Jester2.0Tests */ = {
			isa = PBXGroup;
			children = (
				ED91D0181F50A19100984EBB /* Jester2_0Tests.swift */,
				ED91D01A1F50A19100984EBB /* Info.plist */,
			);
			path = Jester2.0Tests;
			sourceTree = "<group>";
		};
		ED91D0221F50A19100984EBB /* Jester2.0UITests */ = {
			isa = PBXGroup;
			children = (
				ED91D0231F50A19100984EBB /* Jester2_0UITests.swift */,
				ED91D0251F50A19100984EBB /* Info.plist */,
			);
			path = Jester2.0UITests;
			sourceTree = "<group>";
		};
/* End PBXGroup section */

/* Begin PBXNativeTarget section */
		ED91CFFF1F50A19100984EBB /* Jester2.0 */ = {
			isa = PBXNativeTarget;
			buildConfigurationList = ED91D0281F50A19100984EBB /* Build configuration list for PBXNativeTarget "Jester2.0" */;
			buildPhases = (
				ED91CFFC1F50A19100984EBB /* Sources */,
				ED91CFFD1F50A19100984EBB /* Frameworks */,
				ED91CFFE1F50A19100984EBB /* Resources */,
			);
			buildRules = (
			);
			dependencies = (
			);
			name = Jester2.0;
			productName = Jester2.0;
			productReference = ED91D0001F50A19100984EBB /* Jester2.0.app */;
			productType = "com.apple.product-type.application";
		};
		ED91D0131F50A19100984EBB /* Jester2.0Tests */ = {
			isa = PBXNativeTarget;
			buildConfigurationList = ED91D02B1F50A19100984EBB /* Build configuration list for PBXNativeTarget "Jester2.0Tests" */;
			buildPhases = (
				ED91D0101F50A19100984EBB /* Sources */,
				ED91D0111F50A19100984EBB /* Frameworks */,
				ED91D0121F50A19100984EBB /* Resources */,
			);
			buildRules = (
			);
			dependencies = (
				ED91D0161F50A19100984EBB /* PBXTargetDependency */,
			);
			name = Jester2.0Tests;
			productName = Jester2.0Tests;
			productReference = ED91D0141F50A19100984EBB /* Jester2.0Tests.xctest */;
			productType = "com.apple.product-type.bundle.unit-test";
		};
		ED91D01E1F50A19100984EBB /* Jester2.0UITests */ = {
			isa = PBXNativeTarget;
			buildConfigurationList = ED91D02E1F50A19100984EBB /* Build configuration list for PBXNativeTarget "Jester2.0UITests" */;
			buildPhases = (
				ED91D01B1F50A19100984EBB /* Sources */,
				ED91D01C1F50A19100984EBB /* Frameworks */,
				ED91D01D1F50A19100984EBB /* Resources */,
			);
			buildRules = (
			);
			dependencies = (
				ED91D0211F50A19100984EBB /* PBXTargetDependency */,
			);
			name = Jester2.0UITests;
			productName = Jester2.0UITests;
			productReference = ED91D01F1F50A19100984EBB /* Jester2.0UITests.xctest */;
			productType = "com.apple.product-type.bundle.ui-testing";
		};
/* End PBXNativeTarget section */

/* Begin PBXProject section */
		ED91CFF81F50A19100984EBB /* Project object */ = {
			isa = PBXProject;
			attributes = {
				LastSwiftUpdateCheck = 0830;
				LastUpgradeCheck = 0830;
				ORGANIZATIONNAME = "Joseph Richardson";
				TargetAttributes = {
					ED91CFFF1F50A19100984EBB = {
						CreatedOnToolsVersion = 8.3.3;
						DevelopmentTeam = FBKYGP3PMY;
						ProvisioningStyle = Automatic;
					};
					ED91D0131F50A19100984EBB = {
						CreatedOnToolsVersion = 8.3.3;
						DevelopmentTeam = FBKYGP3PMY;
						ProvisioningStyle = Automatic;
						TestTargetID = ED91CFFF1F50A19100984EBB;
					};
					ED91D01E1F50A19100984EBB = {
						CreatedOnToolsVersion = 8.3.3;
						DevelopmentTeam = FBKYGP3PMY;
						ProvisioningStyle = Automatic;
						TestTargetID = ED91CFFF1F50A19100984EBB;
					};
				};
			};
			buildConfigurationList = ED91CFFB1F50A19100984EBB /* Build configuration list for PBXProject "Jester2.0" */;
			compatibilityVersion = "Xcode 3.2";
			developmentRegion = English;
			hasScannedForEncodings = 0;
			knownRegions = (
				en,
				Base,
			);
			mainGroup = ED91CFF71F50A19100984EBB;
			productRefGroup = ED91D0011F50A19100984EBB /* Products */;
			projectDirPath = "";
			projectRoot = "";
			targets = (
				ED91CFFF1F50A19100984EBB /* Jester2.0 */,
				ED91D0131F50A19100984EBB /* Jester2.0Tests */,
				ED91D01E1F50A19100984EBB /* Jester2.0UITests */,
			);
		};
/* End PBXProject section */

/* Begin PBXResourcesBuildPhase section */
		ED91CFFE1F50A19100984EBB /* Resources */ = {
			isa = PBXResourcesBuildPhase;
			buildActionMask = 2147483647;
			files = (
				ED91D00E1F50A19100984EBB /* LaunchScreen.storyboard in Resources */,
				ED91D00B1F50A19100984EBB /* Assets.xcassets in Resources */,
				ED91D0091F50A19100984EBB /* Main.storyboard in Resources */,
			);
			runOnlyForDeploymentPostprocessing = 0;
		};
		ED91D0121F50A19100984EBB /* Resources */ = {
			isa = PBXResourcesBuildPhase;
			buildActionMask = 2147483647;
			files = (
			);
			runOnlyForDeploymentPostprocessing = 0;
		};
		ED91D01D1F50A19100984EBB /* Resources */ = {
			isa = PBXResourcesBuildPhase;
			buildActionMask = 2147483647;
			files = (
			);
			runOnlyForDeploymentPostprocessing = 0;
		};
/* End PBXResourcesBuildPhase section */

/* Begin PBXSourcesBuildPhase section */
		ED91CFFC1F50A19100984EBB /* Sources */ = {
			isa = PBXSourcesBuildPhase;
			buildActionMask = 2147483647;
			files = (
				ED91D0061F50A19100984EBB /* ViewController.swift in Sources */,
				ED91D0041F50A19100984EBB /* AppDelegate.swift in Sources */,
			);
			runOnlyForDeploymentPostprocessing = 0;
		};
		ED91D0101F50A19100984EBB /* Sources */ = {
			isa = PBXSourcesBuildPhase;
			buildActionMask = 2147483647;
			files = (
				ED91D0191F50A19100984EBB /* Jester2_0Tests.swift in Sources */,
			);
			runOnlyForDeploymentPostprocessing = 0;
		};
		ED91D01B1F50A19100984EBB /* Sources */ = {
			isa = PBXSourcesBuildPhase;
			buildActionMask = 2147483647;
			files = (
				ED91D0241F50A19100984EBB /* Jester2_0UITests.swift in Sources */,
			);
			runOnlyForDeploymentPostprocessing = 0;
		};
/* End PBXSourcesBuildPhase section */

/* Begin PBXTargetDependency section */
		ED91D0161F50A19100984EBB /* PBXTargetDependency */ = {
			isa = PBXTargetDependency;
			target = ED91CFFF1F50A19100984EBB /* Jester2.0 */;
			targetProxy = ED91D0151F50A19100984EBB /* PBXContainerItemProxy */;
		};
		ED91D0211F50A19100984EBB /* PBXTargetDependency */ = {
			isa = PBXTargetDependency;
			target = ED91CFFF1F50A19100984EBB /* Jester2.0 */;
			targetProxy = ED91D0201F50A19100984EBB /* PBXContainerItemProxy */;
		};
/* End PBXTargetDependency section */

/* Begin PBXVariantGroup section */
		ED91D0071F50A19100984EBB /* Main.storyboard */ = {
			isa = PBXVariantGroup;
			children = (
				ED91D0081F50A19100984EBB /* Base */,
			);
			name = Main.storyboard;
			sourceTree = "<group>";
		};
		ED91D00C1F50A19100984EBB /* LaunchScreen.storyboard */ = {
			isa = PBXVariantGroup;
			children = (
				ED91D00D1F50A19100984EBB /* Base */,
			);
			name = LaunchScreen.storyboard;
			sourceTree = "<group>";
		};
/* End PBXVariantGroup section */

/* Begin XCBuildConfiguration section */
		ED91D0261F50A19100984EBB /* Debug */ = {
			isa = XCBuildConfiguration;
			buildSettings = {
				ALWAYS_SEARCH_USER_PATHS = NO;
				CLANG_ANALYZER_NONNULL = YES;
				CLANG_ANALYZER_NUMBER_OBJECT_CONVERSION = YES_AGGRESSIVE;
				CLANG_CXX_LANGUAGE_STANDARD = "gnu++0x";
				CLANG_CXX_LIBRARY = "libc++";
				CLANG_ENABLE_MODULES = YES;
				CLANG_ENABLE_OBJC_ARC = YES;
				CLANG_WARN_BOOL_CONVERSION = YES;
				CLANG_WARN_CONSTANT_CONVERSION = YES;
				CLANG_WARN_DIRECT_OBJC_ISA_USAGE = YES_ERROR;
				CLANG_WARN_DOCUMENTATION_COMMENTS = YES;
				CLANG_WARN_EMPTY_BODY = YES;
				CLANG_WARN_ENUM_CONVERSION = YES;
				CLANG_WARN_INFINITE_RECURSION = YES;
				CLANG_WARN_INT_CONVERSION = YES;
				CLANG_WARN_OBJC_ROOT_CLASS = YES_ERROR;
				CLANG_WARN_SUSPICIOUS_MOVE = YES;
				CLANG_WARN_UNREACHABLE_CODE = YES;
				CLANG_WARN__DUPLICATE_METHOD_MATCH = YES;
				"CODE_SIGN_IDENTITY[sdk=iphoneos*]" = "iPhone Developer";
				COPY_PHASE_STRIP = NO;
				DEBUG_INFORMATION_FORMAT = dwarf;
				ENABLE_STRICT_OBJC_MSGSEND = YES;
				ENABLE_TESTABILITY = YES;
				GCC_C_LANGUAGE_STANDARD = gnu99;
				GCC_DYNAMIC_NO_PIC = NO;
				GCC_NO_COMMON_BLOCKS = YES;
				GCC_OPTIMIZATION_LEVEL = 0;
				GCC_PREPROCESSOR_DEFINITIONS = (
					"DEBUG=1",
					"$(inherited)",
				);
				GCC_WARN_64_TO_32_BIT_CONVERSION = YES;
				GCC_WARN_ABOUT_RETURN_TYPE = YES_ERROR;
				GCC_WARN_UNDECLARED_SELECTOR = YES;
				GCC_WARN_UNINITIALIZED_AUTOS = YES_AGGRESSIVE;
				GCC_WARN_UNUSED_FUNCTION = YES;
				GCC_WARN_UNUSED_VARIABLE = YES;
				IPHONEOS_DEPLOYMENT_TARGET = 10.3;
				MTL_ENABLE_DEBUG_INFO = YES;
				ONLY_ACTIVE_ARCH = YES;
				SDKROOT = iphoneos;
				SWIFT_ACTIVE_COMPILATION_CONDITIONS = DEBUG;
				SWIFT_OPTIMIZATION_LEVEL = "-Onone";
				TARGETED_DEVICE_FAMILY = "1,2";
			};
			name = Debug;
		};
		ED91D0271F50A19100984EBB /* Release */ = {
			isa = XCBuildConfiguration;
			buildSettings = {
				ALWAYS_SEARCH_USER_PATHS = NO;
				CLANG_ANALYZER_NONNULL = YES;
				CLANG_ANALYZER_NUMBER_OBJECT_CONVERSION = YES_AGGRESSIVE;
				CLANG_CXX_LANGUAGE_STANDARD = "gnu++0x";
				CLANG_CXX_LIBRARY = "libc++";
				CLANG_ENABLE_MODULES = YES;
				CLANG_ENABLE_OBJC_ARC = YES;
				CLANG_WARN_BOOL_CONVERSION = YES;
				CLANG_WARN_CONSTANT_CONVERSION = YES;
				CLANG_WARN_DIRECT_OBJC_ISA_USAGE = YES_ERROR;
				CLANG_WARN_DOCUMENTATION_COMMENTS = YES;
				CLANG_WARN_EMPTY_BODY = YES;
				CLANG_WARN_ENUM_CONVERSION = YES;
				CLANG_WARN_INFINITE_RECURSION = YES;
				CLANG_WARN_INT_CONVERSION = YES;
				CLANG_WARN_OBJC_ROOT_CLASS = YES_ERROR;
				CLANG_WARN_SUSPICIOUS_MOVE = YES;
				CLANG_WARN_UNREACHABLE_CODE = YES;
				CLANG_WARN__DUPLICATE_METHOD_MATCH = YES;
				"CODE_SIGN_IDENTITY[sdk=iphoneos*]" = "iPhone Developer";
				COPY_PHASE_STRIP = NO;
				DEBUG_INFORMATION_FORMAT = "dwarf-with-dsym";
				ENABLE_NS_ASSERTIONS = NO;
				ENABLE_STRICT_OBJC_MSGSEND = YES;
				GCC_C_LANGUAGE_STANDARD = gnu99;
				GCC_NO_COMMON_BLOCKS = YES;
				GCC_WARN_64_TO_32_BIT_CONVERSION = YES;
				GCC_WARN_ABOUT_RETURN_TYPE = YES_ERROR;
				GCC_WARN_UNDECLARED_SELECTOR = YES;
				GCC_WARN_UNINITIALIZED_AUTOS = YES_AGGRESSIVE;
				GCC_WARN_UNUSED_FUNCTION = YES;
				GCC_WARN_UNUSED_VARIABLE = YES;
				IPHONEOS_DEPLOYMENT_TARGET = 10.3;
				MTL_ENABLE_DEBUG_INFO = NO;
				SDKROOT = iphoneos;
				SWIFT_OPTIMIZATION_LEVEL = "-Owholemodule";
				TARGETED_DEVICE_FAMILY = "1,2";
				VALIDATE_PRODUCT = YES;
			};
			name = Release;
		};
		ED91D0291F50A19100984EBB /* Debug */ = {
			isa = XCBuildConfiguration;
			buildSettings = {
				ASSETCATALOG_COMPILER_APPICON_NAME = AppIcon;
				DEVELOPMENT_TEAM = FBKYGP3PMY;
				INFOPLIST_FILE = Jester2.0/Info.plist;
				LD_RUNPATH_SEARCH_PATHS = "$(inherited) @executable_path/Frameworks";
				PRODUCT_BUNDLE_IDENTIFIER = "jmstudios.Jester2-0";
				PRODUCT_NAME = "$(TARGET_NAME)";
				SWIFT_VERSION = 3.0;
			};
			name = Debug;
		};
		ED91D02A1F50A19100984EBB /* Release */ = {
			isa = XCBuildConfiguration;
			buildSettings = {
				ASSETCATALOG_COMPILER_APPICON_NAME = AppIcon;
				DEVELOPMENT_TEAM = FBKYGP3PMY;
				INFOPLIST_FILE = Jester2.0/Info.plist;
				LD_RUNPATH_SEARCH_PATHS = "$(inherited) @executable_path/Frameworks";
				PRODUCT_BUNDLE_IDENTIFIER = "jmstudios.Jester2-0";
				PRODUCT_NAME = "$(TARGET_NAME)";
				SWIFT_VERSION = 3.0;
			};
			name = Release;
		};
		ED91D02C1F50A19100984EBB /* Debug */ = {
			isa = XCBuildConfiguration;
			buildSettings = {
				ALWAYS_EMBED_SWIFT_STANDARD_LIBRARIES = YES;
				BUNDLE_LOADER = "$(TEST_HOST)";
				DEVELOPMENT_TEAM = FBKYGP3PMY;
				INFOPLIST_FILE = Jester2.0Tests/Info.plist;
				LD_RUNPATH_SEARCH_PATHS = "$(inherited) @executable_path/Frameworks @loader_path/Frameworks";
				PRODUCT_BUNDLE_IDENTIFIER = "jmstudios.Jester2-0Tests";
				PRODUCT_NAME = "$(TARGET_NAME)";
				SWIFT_VERSION = 3.0;
				TEST_HOST = "$(BUILT_PRODUCTS_DIR)/Jester2.0.app/Jester2.0";
			};
			name = Debug;
		};
		ED91D02D1F50A19100984EBB /* Release */ = {
			isa = XCBuildConfiguration;
			buildSettings = {
				ALWAYS_EMBED_SWIFT_STANDARD_LIBRARIES = YES;
				BUNDLE_LOADER = "$(TEST_HOST)";
				DEVELOPMENT_TEAM = FBKYGP3PMY;
				INFOPLIST_FILE = Jester2.0Tests/Info.plist;
				LD_RUNPATH_SEARCH_PATHS = "$(inherited) @executable_path/Frameworks @loader_path/Frameworks";
				PRODUCT_BUNDLE_IDENTIFIER = "jmstudios.Jester2-0Tests";
				PRODUCT_NAME = "$(TARGET_NAME)";
				SWIFT_VERSION = 3.0;
				TEST_HOST = "$(BUILT_PRODUCTS_DIR)/Jester2.0.app/Jester2.0";
			};
			name = Release;
		};
		ED91D02F1F50A19100984EBB /* Debug */ = {
			isa = XCBuildConfiguration;
			buildSettings = {
				ALWAYS_EMBED_SWIFT_STANDARD_LIBRARIES = YES;
				DEVELOPMENT_TEAM = FBKYGP3PMY;
				INFOPLIST_FILE = Jester2.0UITests/Info.plist;
				LD_RUNPATH_SEARCH_PATHS = "$(inherited) @executable_path/Frameworks @loader_path/Frameworks";
				PRODUCT_BUNDLE_IDENTIFIER = "jmstudios.Jester2-0UITests";
				PRODUCT_NAME = "$(TARGET_NAME)";
				SWIFT_VERSION = 3.0;
				TEST_TARGET_NAME = Jester2.0;
			};
			name = Debug;
		};
		ED91D0301F50A19100984EBB /* Release */ = {
			isa = XCBuildConfiguration;
			buildSettings = {
				ALWAYS_EMBED_SWIFT_STANDARD_LIBRARIES = YES;
				DEVELOPMENT_TEAM = FBKYGP3PMY;
				INFOPLIST_FILE = Jester2.0UITests/Info.plist;
				LD_RUNPATH_SEARCH_PATHS = "$(inherited) @executable_path/Frameworks @loader_path/Frameworks";
				PRODUCT_BUNDLE_IDENTIFIER = "jmstudios.Jester2-0UITests";
				PRODUCT_NAME = "$(TARGET_NAME)";
				SWIFT_VERSION = 3.0;
				TEST_TARGET_NAME = Jester2.0;
			};
			name = Release;
		};
/* End XCBuildConfiguration section */

/* Begin XCConfigurationList section */
		ED91CFFB1F50A19100984EBB /* Build configuration list for PBXProject "Jester2.0" */ = {
			isa = XCConfigurationList;
			buildConfigurations = (
				ED91D0261F50A19100984EBB /* Debug */,
				ED91D0271F50A19100984EBB /* Release */,
			);
			defaultConfigurationIsVisible = 0;
			defaultConfigurationName = Release;
		};
		ED91D0281F50A19100984EBB /* Build configuration list for PBXNativeTarget "Jester2.0" */ = {
			isa = XCConfigurationList;
			buildConfigurations = (
				ED91D0291F50A19100984EBB /* Debug */,
				ED91D02A1F50A19100984EBB /* Release */,
			);
			defaultConfigurationIsVisible = 0;
		};
		ED91D02B1F50A19100984EBB /* Build configuration list for PBXNativeTarget "Jester2.0Tests" */ = {
			isa = XCConfigurationList;
			buildConfigurations = (
				ED91D02C1F50A19100984EBB /* Debug */,
				ED91D02D1F50A19100984EBB /* Release */,
			);
			defaultConfigurationIsVisible = 0;
		};
		ED91D02E1F50A19100984EBB /* Build configuration list for PBXNativeTarget "Jester2.0UITests" */ = {
			isa = XCConfigurationList;
			buildConfigurations = (
				ED91D02F1F50A19100984EBB /* Debug */,
				ED91D0301F50A19100984EBB /* Release */,
			);
			defaultConfigurationIsVisible = 0;
		};
/* End XCConfigurationList section */
	};
	rootObject = ED91CFF81F50A19100984EBB /* Project object */;
}
